// !$*UTF8*$!
{
	archiveVersion = 1;
	classes = {
	};
	objectVersion = 50;
	objects = {

/* Begin PBXBuildFile section */
		2BAD288E537C2A38BDF991A1 /* Pods_TryRxCoordinator.framework in Frameworks */ = {isa = PBXBuildFile; fileRef = AAA439A6D438FCA62268F261 /* Pods_TryRxCoordinator.framework */; };
		630FB7CE2101EA7000B2E317 /* DeepLinkOption.swift in Sources */ = {isa = PBXBuildFile; fileRef = 630FB7CD2101EA7000B2E317 /* DeepLinkOption.swift */; };
		6337AE0D2100AD7B00A7C48F /* AppDelegate.swift in Sources */ = {isa = PBXBuildFile; fileRef = 6337AE0C2100AD7B00A7C48F /* AppDelegate.swift */; };
		6337AE0F2100AD7B00A7C48F /* ViewController.swift in Sources */ = {isa = PBXBuildFile; fileRef = 6337AE0E2100AD7B00A7C48F /* ViewController.swift */; };
		6337AE122100AD7B00A7C48F /* Main.storyboard in Resources */ = {isa = PBXBuildFile; fileRef = 6337AE102100AD7B00A7C48F /* Main.storyboard */; };
		6337AE142100AD7C00A7C48F /* Assets.xcassets in Resources */ = {isa = PBXBuildFile; fileRef = 6337AE132100AD7C00A7C48F /* Assets.xcassets */; };
		6337AE172100AD7C00A7C48F /* LaunchScreen.storyboard in Resources */ = {isa = PBXBuildFile; fileRef = 6337AE152100AD7C00A7C48F /* LaunchScreen.storyboard */; };
		6337AE222100AD7C00A7C48F /* TryRxCoordinatorTests.swift in Sources */ = {isa = PBXBuildFile; fileRef = 6337AE212100AD7C00A7C48F /* TryRxCoordinatorTests.swift */; };
		6337AE2E2100AE3600A7C48F /* BaseCoordinator.swift in Sources */ = {isa = PBXBuildFile; fileRef = 6337AE2D2100AE3600A7C48F /* BaseCoordinator.swift */; };
		6337AE302100B3FC00A7C48F /* AppCoordinator.swift in Sources */ = {isa = PBXBuildFile; fileRef = 6337AE2F2100B3FC00A7C48F /* AppCoordinator.swift */; };
		C3AE116FBE569AF08A0A4091 /* Pods_TryRxCoordinatorTests.framework in Frameworks */ = {isa = PBXBuildFile; fileRef = 1A68F9653546E99EBFB2334F /* Pods_TryRxCoordinatorTests.framework */; };
/* End PBXBuildFile section */

/* Begin PBXContainerItemProxy section */
		6337AE1E2100AD7C00A7C48F /* PBXContainerItemProxy */ = {
			isa = PBXContainerItemProxy;
			containerPortal = 6337AE012100AD7B00A7C48F /* Project object */;
			proxyType = 1;
			remoteGlobalIDString = 6337AE082100AD7B00A7C48F;
			remoteInfo = TryRxCoordinator;
		};
/* End PBXContainerItemProxy section */

/* Begin PBXFileReference section */
		1A68F9653546E99EBFB2334F /* Pods_TryRxCoordinatorTests.framework */ = {isa = PBXFileReference; explicitFileType = wrapper.framework; includeInIndex = 0; path = Pods_TryRxCoordinatorTests.framework; sourceTree = BUILT_PRODUCTS_DIR; };
		630FB7CD2101EA7000B2E317 /* DeepLinkOption.swift */ = {isa = PBXFileReference; lastKnownFileType = sourcecode.swift; path = DeepLinkOption.swift; sourceTree = "<group>"; };
		6337AE092100AD7B00A7C48F /* TryRxCoordinator.app */ = {isa = PBXFileReference; explicitFileType = wrapper.application; includeInIndex = 0; path = TryRxCoordinator.app; sourceTree = BUILT_PRODUCTS_DIR; };
		6337AE0C2100AD7B00A7C48F /* AppDelegate.swift */ = {isa = PBXFileReference; lastKnownFileType = sourcecode.swift; path = AppDelegate.swift; sourceTree = "<group>"; };
		6337AE0E2100AD7B00A7C48F /* ViewController.swift */ = {isa = PBXFileReference; lastKnownFileType = sourcecode.swift; path = ViewController.swift; sourceTree = "<group>"; };
		6337AE112100AD7B00A7C48F /* Base */ = {isa = PBXFileReference; lastKnownFileType = file.storyboard; name = Base; path = Base.lproj/Main.storyboard; sourceTree = "<group>"; };
		6337AE132100AD7C00A7C48F /* Assets.xcassets */ = {isa = PBXFileReference; lastKnownFileType = folder.assetcatalog; path = Assets.xcassets; sourceTree = "<group>"; };
		6337AE162100AD7C00A7C48F /* Base */ = {isa = PBXFileReference; lastKnownFileType = file.storyboard; name = Base; path = Base.lproj/LaunchScreen.storyboard; sourceTree = "<group>"; };
		6337AE182100AD7C00A7C48F /* Info.plist */ = {isa = PBXFileReference; lastKnownFileType = text.plist.xml; path = Info.plist; sourceTree = "<group>"; };
		6337AE1D2100AD7C00A7C48F /* TryRxCoordinatorTests.xctest */ = {isa = PBXFileReference; explicitFileType = wrapper.cfbundle; includeInIndex = 0; path = TryRxCoordinatorTests.xctest; sourceTree = BUILT_PRODUCTS_DIR; };
		6337AE212100AD7C00A7C48F /* TryRxCoordinatorTests.swift */ = {isa = PBXFileReference; lastKnownFileType = sourcecode.swift; path = TryRxCoordinatorTests.swift; sourceTree = "<group>"; };
		6337AE232100AD7C00A7C48F /* Info.plist */ = {isa = PBXFileReference; lastKnownFileType = text.plist.xml; path = Info.plist; sourceTree = "<group>"; };
		6337AE2D2100AE3600A7C48F /* BaseCoordinator.swift */ = {isa = PBXFileReference; lastKnownFileType = sourcecode.swift; path = BaseCoordinator.swift; sourceTree = "<group>"; };
		6337AE2F2100B3FC00A7C48F /* AppCoordinator.swift */ = {isa = PBXFileReference; lastKnownFileType = sourcecode.swift; path = AppCoordinator.swift; sourceTree = "<group>"; };
		733213C5FB3AF54E4C40D0E0 /* Pods-TryRxCoordinator.debug.xcconfig */ = {isa = PBXFileReference; includeInIndex = 1; lastKnownFileType = text.xcconfig; name = "Pods-TryRxCoordinator.debug.xcconfig"; path = "Pods/Target Support Files/Pods-TryRxCoordinator/Pods-TryRxCoordinator.debug.xcconfig"; sourceTree = "<group>"; };
		7BDC23797E8A8DF7AA489D85 /* Pods-TryRxCoordinatorTests.debug.xcconfig */ = {isa = PBXFileReference; includeInIndex = 1; lastKnownFileType = text.xcconfig; name = "Pods-TryRxCoordinatorTests.debug.xcconfig"; path = "Pods/Target Support Files/Pods-TryRxCoordinatorTests/Pods-TryRxCoordinatorTests.debug.xcconfig"; sourceTree = "<group>"; };
		AAA439A6D438FCA62268F261 /* Pods_TryRxCoordinator.framework */ = {isa = PBXFileReference; explicitFileType = wrapper.framework; includeInIndex = 0; path = Pods_TryRxCoordinator.framework; sourceTree = BUILT_PRODUCTS_DIR; };
		B9F32836602C1F0C14E6F203 /* Pods-TryRxCoordinatorTests.release.xcconfig */ = {isa = PBXFileReference; includeInIndex = 1; lastKnownFileType = text.xcconfig; name = "Pods-TryRxCoordinatorTests.release.xcconfig"; path = "Pods/Target Support Files/Pods-TryRxCoordinatorTests/Pods-TryRxCoordinatorTests.release.xcconfig"; sourceTree = "<group>"; };
		F2928D0558CFB050FDEF73BE /* Pods-TryRxCoordinator.release.xcconfig */ = {isa = PBXFileReference; includeInIndex = 1; lastKnownFileType = text.xcconfig; name = "Pods-TryRxCoordinator.release.xcconfig"; path = "Pods/Target Support Files/Pods-TryRxCoordinator/Pods-TryRxCoordinator.release.xcconfig"; sourceTree = "<group>"; };
/* End PBXFileReference section */

/* Begin PBXFrameworksBuildPhase section */
		6337AE062100AD7B00A7C48F /* Frameworks */ = {
			isa = PBXFrameworksBuildPhase;
			buildActionMask = 2147483647;
			files = (
				2BAD288E537C2A38BDF991A1 /* Pods_TryRxCoordinator.framework in Frameworks */,
			);
			runOnlyForDeploymentPostprocessing = 0;
		};
		6337AE1A2100AD7C00A7C48F /* Frameworks */ = {
			isa = PBXFrameworksBuildPhase;
			buildActionMask = 2147483647;
			files = (
				C3AE116FBE569AF08A0A4091 /* Pods_TryRxCoordinatorTests.framework in Frameworks */,
			);
			runOnlyForDeploymentPostprocessing = 0;
		};
/* End PBXFrameworksBuildPhase section */

/* Begin PBXGroup section */
		6337AE002100AD7B00A7C48F = {
			isa = PBXGroup;
			children = (
				6337AE0B2100AD7B00A7C48F /* TryRxCoordinator */,
				6337AE202100AD7C00A7C48F /* TryRxCoordinatorTests */,
				6337AE0A2100AD7B00A7C48F /* Products */,
				B889ACE0D7AF0FBC2BA5B04D /* Pods */,
				AF7B578CF4C558E4F10F0BED /* Frameworks */,
			);
			sourceTree = "<group>";
		};
		6337AE0A2100AD7B00A7C48F /* Products */ = {
			isa = PBXGroup;
			children = (
				6337AE092100AD7B00A7C48F /* TryRxCoordinator.app */,
				6337AE1D2100AD7C00A7C48F /* TryRxCoordinatorTests.xctest */,
			);
			name = Products;
			sourceTree = "<group>";
		};
		6337AE0B2100AD7B00A7C48F /* TryRxCoordinator */ = {
			isa = PBXGroup;
			children = (
				6337AE0C2100AD7B00A7C48F /* AppDelegate.swift */,
				6337AE0E2100AD7B00A7C48F /* ViewController.swift */,
				6337AE2C2100AE2700A7C48F /* Coordonator */,
				6337AE102100AD7B00A7C48F /* Main.storyboard */,
				6337AE132100AD7C00A7C48F /* Assets.xcassets */,
				6337AE152100AD7C00A7C48F /* LaunchScreen.storyboard */,
				6337AE182100AD7C00A7C48F /* Info.plist */,
			);
			path = TryRxCoordinator;
			sourceTree = "<group>";
		};
		6337AE202100AD7C00A7C48F /* TryRxCoordinatorTests */ = {
			isa = PBXGroup;
			children = (
				6337AE212100AD7C00A7C48F /* TryRxCoordinatorTests.swift */,
				6337AE232100AD7C00A7C48F /* Info.plist */,
			);
			path = TryRxCoordinatorTests;
			sourceTree = "<group>";
		};
		6337AE2C2100AE2700A7C48F /* Coordonator */ = {
			isa = PBXGroup;
			children = (
				6337AE2D2100AE3600A7C48F /* BaseCoordinator.swift */,
				630FB7CD2101EA7000B2E317 /* DeepLinkOption.swift */,
				6337AE2F2100B3FC00A7C48F /* AppCoordinator.swift */,
			);
			path = Coordonator;
			sourceTree = "<group>";
		};
		AF7B578CF4C558E4F10F0BED /* Frameworks */ = {
			isa = PBXGroup;
			children = (
				AAA439A6D438FCA62268F261 /* Pods_TryRxCoordinator.framework */,
				1A68F9653546E99EBFB2334F /* Pods_TryRxCoordinatorTests.framework */,
			);
			name = Frameworks;
			sourceTree = "<group>";
		};
		B889ACE0D7AF0FBC2BA5B04D /* Pods */ = {
			isa = PBXGroup;
			children = (
				733213C5FB3AF54E4C40D0E0 /* Pods-TryRxCoordinator.debug.xcconfig */,
				F2928D0558CFB050FDEF73BE /* Pods-TryRxCoordinator.release.xcconfig */,
				7BDC23797E8A8DF7AA489D85 /* Pods-TryRxCoordinatorTests.debug.xcconfig */,
				B9F32836602C1F0C14E6F203 /* Pods-TryRxCoordinatorTests.release.xcconfig */,
			);
			name = Pods;
			sourceTree = "<group>";
		};
/* End PBXGroup section */

/* Begin PBXNativeTarget section */
		6337AE082100AD7B00A7C48F /* TryRxCoordinator */ = {
			isa = PBXNativeTarget;
			buildConfigurationList = 6337AE262100AD7C00A7C48F /* Build configuration list for PBXNativeTarget "TryRxCoordinator" */;
			buildPhases = (
				5A0EB595AAC1C0308406A228 /* [CP] Check Pods Manifest.lock */,
				6337AE052100AD7B00A7C48F /* Sources */,
				6337AE062100AD7B00A7C48F /* Frameworks */,
				6337AE072100AD7B00A7C48F /* Resources */,
				5179FD6B298AE18C0B157315 /* [CP] Embed Pods Frameworks */,
			);
			buildRules = (
			);
			dependencies = (
			);
			name = TryRxCoordinator;
			productName = TryRxCoordinator;
			productReference = 6337AE092100AD7B00A7C48F /* TryRxCoordinator.app */;
			productType = "com.apple.product-type.application";
		};
		6337AE1C2100AD7C00A7C48F /* TryRxCoordinatorTests */ = {
			isa = PBXNativeTarget;
			buildConfigurationList = 6337AE292100AD7C00A7C48F /* Build configuration list for PBXNativeTarget "TryRxCoordinatorTests" */;
			buildPhases = (
				095659C3905D7930C0CE2694 /* [CP] Check Pods Manifest.lock */,
				6337AE192100AD7C00A7C48F /* Sources */,
				6337AE1A2100AD7C00A7C48F /* Frameworks */,
				6337AE1B2100AD7C00A7C48F /* Resources */,
			);
			buildRules = (
			);
			dependencies = (
				6337AE1F2100AD7C00A7C48F /* PBXTargetDependency */,
			);
			name = TryRxCoordinatorTests;
			productName = TryRxCoordinatorTests;
			productReference = 6337AE1D2100AD7C00A7C48F /* TryRxCoordinatorTests.xctest */;
			productType = "com.apple.product-type.bundle.unit-test";
		};
/* End PBXNativeTarget section */

/* Begin PBXProject section */
		6337AE012100AD7B00A7C48F /* Project object */ = {
			isa = PBXProject;
			attributes = {
				LastSwiftUpdateCheck = 0940;
				LastUpgradeCheck = 0940;
				ORGANIZATIONNAME = David;
				TargetAttributes = {
					6337AE082100AD7B00A7C48F = {
						CreatedOnToolsVersion = 9.4.1;
					};
					6337AE1C2100AD7C00A7C48F = {
						CreatedOnToolsVersion = 9.4.1;
						TestTargetID = 6337AE082100AD7B00A7C48F;
					};
				};
			};
			buildConfigurationList = 6337AE042100AD7B00A7C48F /* Build configuration list for PBXProject "TryRxCoordinator" */;
			compatibilityVersion = "Xcode 9.3";
			developmentRegion = en;
			hasScannedForEncodings = 0;
			knownRegions = (
				en,
				Base,
			);
			mainGroup = 6337AE002100AD7B00A7C48F;
			productRefGroup = 6337AE0A2100AD7B00A7C48F /* Products */;
			projectDirPath = "";
			projectRoot = "";
			targets = (
				6337AE082100AD7B00A7C48F /* TryRxCoordinator */,
				6337AE1C2100AD7C00A7C48F /* TryRxCoordinatorTests */,
			);
		};
/* End PBXProject section */

/* Begin PBXResourcesBuildPhase section */
		6337AE072100AD7B00A7C48F /* Resources */ = {
			isa = PBXResourcesBuildPhase;
			buildActionMask = 2147483647;
			files = (
				6337AE172100AD7C00A7C48F /* LaunchScreen.storyboard in Resources */,
				6337AE142100AD7C00A7C48F /* Assets.xcassets in Resources */,
				6337AE122100AD7B00A7C48F /* Main.storyboard in Resources */,
			);
			runOnlyForDeploymentPostprocessing = 0;
		};
		6337AE1B2100AD7C00A7C48F /* Resources */ = {
			isa = PBXResourcesBuildPhase;
			buildActionMask = 2147483647;
			files = (
			);
			runOnlyForDeploymentPostprocessing = 0;
		};
/* End PBXResourcesBuildPhase section */

/* Begin PBXShellScriptBuildPhase section */
		095659C3905D7930C0CE2694 /* [CP] Check Pods Manifest.lock */ = {
			isa = PBXShellScriptBuildPhase;
			buildActionMask = 2147483647;
			files = (
			);
			inputPaths = (
				"${PODS_PODFILE_DIR_PATH}/Podfile.lock",
				"${PODS_ROOT}/Manifest.lock",
			);
			name = "[CP] Check Pods Manifest.lock";
			outputPaths = (
				"$(DERIVED_FILE_DIR)/Pods-TryRxCoordinatorTests-checkManifestLockResult.txt",
			);
			runOnlyForDeploymentPostprocessing = 0;
			shellPath = /bin/sh;
			shellScript = "diff \"${PODS_PODFILE_DIR_PATH}/Podfile.lock\" \"${PODS_ROOT}/Manifest.lock\" > /dev/null\nif [ $? != 0 ] ; then\n    # print error to STDERR\n    echo \"error: The sandbox is not in sync with the Podfile.lock. Run 'pod install' or update your CocoaPods installation.\" >&2\n    exit 1\nfi\n# This output is used by Xcode 'outputs' to avoid re-running this script phase.\necho \"SUCCESS\" > \"${SCRIPT_OUTPUT_FILE_0}\"\n";
			showEnvVarsInLog = 0;
		};
		5179FD6B298AE18C0B157315 /* [CP] Embed Pods Frameworks */ = {
			isa = PBXShellScriptBuildPhase;
			buildActionMask = 2147483647;
			files = (
			);
			inputPaths = (
				"${SRCROOT}/Pods/Target Support Files/Pods-TryRxCoordinator/Pods-TryRxCoordinator-frameworks.sh",
				"${BUILT_PRODUCTS_DIR}/RxCocoa/RxCocoa.framework",
				"${BUILT_PRODUCTS_DIR}/RxSwift/RxSwift.framework",
			);
			name = "[CP] Embed Pods Frameworks";
			outputPaths = (
				"${TARGET_BUILD_DIR}/${FRAMEWORKS_FOLDER_PATH}/RxCocoa.framework",
				"${TARGET_BUILD_DIR}/${FRAMEWORKS_FOLDER_PATH}/RxSwift.framework",
			);
			runOnlyForDeploymentPostprocessing = 0;
			shellPath = /bin/sh;
			shellScript = "\"${SRCROOT}/Pods/Target Support Files/Pods-TryRxCoordinator/Pods-TryRxCoordinator-frameworks.sh\"\n";
			showEnvVarsInLog = 0;
		};
		5A0EB595AAC1C0308406A228 /* [CP] Check Pods Manifest.lock */ = {
			isa = PBXShellScriptBuildPhase;
			buildActionMask = 2147483647;
			files = (
			);
			inputPaths = (
				"${PODS_PODFILE_DIR_PATH}/Podfile.lock",
				"${PODS_ROOT}/Manifest.lock",
			);
			name = "[CP] Check Pods Manifest.lock";
			outputPaths = (
				"$(DERIVED_FILE_DIR)/Pods-TryRxCoordinator-checkManifestLockResult.txt",
			);
			runOnlyForDeploymentPostprocessing = 0;
			shellPath = /bin/sh;
			shellScript = "diff \"${PODS_PODFILE_DIR_PATH}/Podfile.lock\" \"${PODS_ROOT}/Manifest.lock\" > /dev/null\nif [ $? != 0 ] ; then\n    # print error to STDERR\n    echo \"error: The sandbox is not in sync with the Podfile.lock. Run 'pod install' or update your CocoaPods installation.\" >&2\n    exit 1\nfi\n# This output is used by Xcode 'outputs' to avoid re-running this script phase.\necho \"SUCCESS\" > \"${SCRIPT_OUTPUT_FILE_0}\"\n";
			showEnvVarsInLog = 0;
		};
/* End PBXShellScriptBuildPhase section */

/* Begin PBXSourcesBuildPhase section */
		6337AE052100AD7B00A7C48F /* Sources */ = {
			isa = PBXSourcesBuildPhase;
			buildActionMask = 2147483647;
			files = (
				6337AE302100B3FC00A7C48F /* AppCoordinator.swift in Sources */,
				6337AE0F2100AD7B00A7C48F /* ViewController.swift in Sources */,
				6337AE2E2100AE3600A7C48F /* BaseCoordinator.swift in Sources */,
				630FB7CE2101EA7000B2E317 /* DeepLinkOption.swift in Sources */,
				6337AE0D2100AD7B00A7C48F /* AppDelegate.swift in Sources */,
			);
			runOnlyForDeploymentPostprocessing = 0;
		};
		6337AE192100AD7C00A7C48F /* Sources */ = {
			isa = PBXSourcesBuildPhase;
			buildActionMask = 2147483647;
			files = (
				6337AE222100AD7C00A7C48F /* TryRxCoordinatorTests.swift in Sources */,
			);
			runOnlyForDeploymentPostprocessing = 0;
		};
/* End PBXSourcesBuildPhase section */

/* Begin PBXTargetDependency section */
		6337AE1F2100AD7C00A7C48F /* PBXTargetDependency */ = {
			isa = PBXTargetDependency;
			target = 6337AE082100AD7B00A7C48F /* TryRxCoordinator */;
			targetProxy = 6337AE1E2100AD7C00A7C48F /* PBXContainerItemProxy */;
		};
/* End PBXTargetDependency section */

/* Begin PBXVariantGroup section */
		6337AE102100AD7B00A7C48F /* Main.storyboard */ = {
			isa = PBXVariantGroup;
			children = (
				6337AE112100AD7B00A7C48F /* Base */,
			);
			name = Main.storyboard;
			sourceTree = "<group>";
		};
		6337AE152100AD7C00A7C48F /* LaunchScreen.storyboard */ = {
			isa = PBXVariantGroup;
			children = (
				6337AE162100AD7C00A7C48F /* Base */,
			);
			name = LaunchScreen.storyboard;
			sourceTree = "<group>";
		};
/* End PBXVariantGroup section */

/* Begin XCBuildConfiguration section */
		6337AE242100AD7C00A7C48F /* Debug */ = {
			isa = XCBuildConfiguration;
			buildSettings = {
				ALWAYS_SEARCH_USER_PATHS = NO;
				CLANG_ANALYZER_NONNULL = YES;
				CLANG_ANALYZER_NUMBER_OBJECT_CONVERSION = YES_AGGRESSIVE;
				CLANG_CXX_LANGUAGE_STANDARD = "gnu++14";
				CLANG_CXX_LIBRARY = "libc++";
				CLANG_ENABLE_MODULES = YES;
				CLANG_ENABLE_OBJC_ARC = YES;
				CLANG_ENABLE_OBJC_WEAK = YES;
				CLANG_WARN_BLOCK_CAPTURE_AUTORELEASING = YES;
				CLANG_WARN_BOOL_CONVERSION = YES;
				CLANG_WARN_COMMA = YES;
				CLANG_WARN_CONSTANT_CONVERSION = YES;
				CLANG_WARN_DEPRECATED_OBJC_IMPLEMENTATIONS = YES;
				CLANG_WARN_DIRECT_OBJC_ISA_USAGE = YES_ERROR;
				CLANG_WARN_DOCUMENTATION_COMMENTS = YES;
				CLANG_WARN_EMPTY_BODY = YES;
				CLANG_WARN_ENUM_CONVERSION = YES;
				CLANG_WARN_INFINITE_RECURSION = YES;
				CLANG_WARN_INT_CONVERSION = YES;
				CLANG_WARN_NON_LITERAL_NULL_CONVERSION = YES;
				CLANG_WARN_OBJC_IMPLICIT_RETAIN_SELF = YES;
				CLANG_WARN_OBJC_LITERAL_CONVERSION = YES;
				CLANG_WARN_OBJC_ROOT_CLASS = YES_ERROR;
				CLANG_WARN_RANGE_LOOP_ANALYSIS = YES;
				CLANG_WARN_STRICT_PROTOTYPES = YES;
				CLANG_WARN_SUSPICIOUS_MOVE = YES;
				CLANG_WARN_UNGUARDED_AVAILABILITY = YES_AGGRESSIVE;
				CLANG_WARN_UNREACHABLE_CODE = YES;
				CLANG_WARN__DUPLICATE_METHOD_MATCH = YES;
				CODE_SIGN_IDENTITY = "iPhone Developer";
				COPY_PHASE_STRIP = NO;
				DEBUG_INFORMATION_FORMAT = dwarf;
				ENABLE_STRICT_OBJC_MSGSEND = YES;
				ENABLE_TESTABILITY = YES;
				GCC_C_LANGUAGE_STANDARD = gnu11;
				GCC_DYNAMIC_NO_PIC = NO;
				GCC_NO_COMMON_BLOCKS = YES;
				GCC_OPTIMIZATION_LEVEL = 0;
				GCC_PREPROCESSOR_DEFINITIONS = (
					"DEBUG=1",
					"$(inherited)",
				);
				GCC_WARN_64_TO_32_BIT_CONVERSION = YES;
				GCC_WARN_ABOUT_RETURN_TYPE = YES_ERROR;
				GCC_WARN_UNDECLARED_SELECTOR = YES;
				GCC_WARN_UNINITIALIZED_AUTOS = YES_AGGRESSIVE;
				GCC_WARN_UNUSED_FUNCTION = YES;
				GCC_WARN_UNUSED_VARIABLE = YES;
				IPHONEOS_DEPLOYMENT_TARGET = 11.4;
				MTL_ENABLE_DEBUG_INFO = YES;
				ONLY_ACTIVE_ARCH = YES;
				SDKROOT = iphoneos;
				SWIFT_ACTIVE_COMPILATION_CONDITIONS = DEBUG;
				SWIFT_OPTIMIZATION_LEVEL = "-Onone";
			};
			name = Debug;
		};
		6337AE252100AD7C00A7C48F /* Release */ = {
			isa = XCBuildConfiguration;
			buildSettings = {
				ALWAYS_SEARCH_USER_PATHS = NO;
				CLANG_ANALYZER_NONNULL = YES;
				CLANG_ANALYZER_NUMBER_OBJECT_CONVERSION = YES_AGGRESSIVE;
				CLANG_CXX_LANGUAGE_STANDARD = "gnu++14";
				CLANG_CXX_LIBRARY = "libc++";
				CLANG_ENABLE_MODULES = YES;
				CLANG_ENABLE_OBJC_ARC = YES;
				CLANG_ENABLE_OBJC_WEAK = YES;
				CLANG_WARN_BLOCK_CAPTURE_AUTORELEASING = YES;
				CLANG_WARN_BOOL_CONVERSION = YES;
				CLANG_WARN_COMMA = YES;
				CLANG_WARN_CONSTANT_CONVERSION = YES;
				CLANG_WARN_DEPRECATED_OBJC_IMPLEMENTATIONS = YES;
				CLANG_WARN_DIRECT_OBJC_ISA_USAGE = YES_ERROR;
				CLANG_WARN_DOCUMENTATION_COMMENTS = YES;
				CLANG_WARN_EMPTY_BODY = YES;
				CLANG_WARN_ENUM_CONVERSION = YES;
				CLANG_WARN_INFINITE_RECURSION = YES;
				CLANG_WARN_INT_CONVERSION = YES;
				CLANG_WARN_NON_LITERAL_NULL_CONVERSION = YES;
				CLANG_WARN_OBJC_IMPLICIT_RETAIN_SELF = YES;
				CLANG_WARN_OBJC_LITERAL_CONVERSION = YES;
				CLANG_WARN_OBJC_ROOT_CLASS = YES_ERROR;
				CLANG_WARN_RANGE_LOOP_ANALYSIS = YES;
				CLANG_WARN_STRICT_PROTOTYPES = YES;
				CLANG_WARN_SUSPICIOUS_MOVE = YES;
				CLANG_WARN_UNGUARDED_AVAILABILITY = YES_AGGRESSIVE;
				CLANG_WARN_UNREACHABLE_CODE = YES;
				CLANG_WARN__DUPLICATE_METHOD_MATCH = YES;
				CODE_SIGN_IDENTITY = "iPhone Developer";
				COPY_PHASE_STRIP = NO;
				DEBUG_INFORMATION_FORMAT = "dwarf-with-dsym";
				ENABLE_NS_ASSERTIONS = NO;
				ENABLE_STRICT_OBJC_MSGSEND = YES;
				GCC_C_LANGUAGE_STANDARD = gnu11;
				GCC_NO_COMMON_BLOCKS = YES;
				GCC_WARN_64_TO_32_BIT_CONVERSION = YES;
				GCC_WARN_ABOUT_RETURN_TYPE = YES_ERROR;
				GCC_WARN_UNDECLARED_SELECTOR = YES;
				GCC_WARN_UNINITIALIZED_AUTOS = YES_AGGRESSIVE;
				GCC_WARN_UNUSED_FUNCTION = YES;
				GCC_WARN_UNUSED_VARIABLE = YES;
				IPHONEOS_DEPLOYMENT_TARGET = 11.4;
				MTL_ENABLE_DEBUG_INFO = NO;
				SDKROOT = iphoneos;
				SWIFT_COMPILATION_MODE = wholemodule;
				SWIFT_OPTIMIZATION_LEVEL = "-O";
				VALIDATE_PRODUCT = YES;
			};
			name = Release;
		};
		6337AE272100AD7C00A7C48F /* Debug */ = {
			isa = XCBuildConfiguration;
			baseConfigurationReference = 733213C5FB3AF54E4C40D0E0 /* Pods-TryRxCoordinator.debug.xcconfig */;
			buildSettings = {
				ASSETCATALOG_COMPILER_APPICON_NAME = AppIcon;
				CODE_SIGN_STYLE = Automatic;
				DEVELOPMENT_TEAM = UA35L9FR9N;
				INFOPLIST_FILE = TryRxCoordinator/Info.plist;
				LD_RUNPATH_SEARCH_PATHS = (
					"$(inherited)",
					"@executable_path/Frameworks",
				);
				PRODUCT_BUNDLE_IDENTIFIER = io.hello.TryRxCoordinator;
				PRODUCT_NAME = "$(TARGET_NAME)";
				SWIFT_VERSION = 4.0;
				TARGETED_DEVICE_FAMILY = "1,2";
			};
			name = Debug;
		};
		6337AE282100AD7C00A7C48F /* Release */ = {
			isa = XCBuildConfiguration;
			baseConfigurationReference = F2928D0558CFB050FDEF73BE /* Pods-TryRxCoordinator.release.xcconfig */;
			buildSettings = {
				ASSETCATALOG_COMPILER_APPICON_NAME = AppIcon;
				CODE_SIGN_STYLE = Automatic;
				DEVELOPMENT_TEAM = UA35L9FR9N;
				INFOPLIST_FILE = TryRxCoordinator/Info.plist;
				LD_RUNPATH_SEARCH_PATHS = (
					"$(inherited)",
					"@executable_path/Frameworks",
				);
				PRODUCT_BUNDLE_IDENTIFIER = io.hello.TryRxCoordinator;
				PRODUCT_NAME = "$(TARGET_NAME)";
				SWIFT_VERSION = 4.0;
				TARGETED_DEVICE_FAMILY = "1,2";
			};
			name = Release;
		};
		6337AE2A2100AD7C00A7C48F /* Debug */ = {
			isa = XCBuildConfiguration;
			baseConfigurationReference = 7BDC23797E8A8DF7AA489D85 /* Pods-TryRxCoordinatorTests.debug.xcconfig */;
			buildSettings = {
				ALWAYS_EMBED_SWIFT_STANDARD_LIBRARIES = YES;
				BUNDLE_LOADER = "$(TEST_HOST)";
				CODE_SIGN_STYLE = Automatic;
				DEVELOPMENT_TEAM = UA35L9FR9N;
				INFOPLIST_FILE = TryRxCoordinatorTests/Info.plist;
				LD_RUNPATH_SEARCH_PATHS = (
					"$(inherited)",
					"@executable_path/Frameworks",
					"@loader_path/Frameworks",
				);
				PRODUCT_BUNDLE_IDENTIFIER = io.hello.TryRxCoordinatorTests;
				PRODUCT_NAME = "$(TARGET_NAME)";
				SWIFT_VERSION = 4.0;
				TARGETED_DEVICE_FAMILY = "1,2";
				TEST_HOST = "$(BUILT_PRODUCTS_DIR)/TryRxCoordinator.app/TryRxCoordinator";
			};
			name = Debug;
		};
		6337AE2B2100AD7C00A7C48F /* Release */ = {
			isa = XCBuildConfiguration;
			baseConfigurationReference = B9F32836602C1F0C14E6F203 /* Pods-TryRxCoordinatorTests.release.xcconfig */;
			buildSettings = {
				ALWAYS_EMBED_SWIFT_STANDARD_LIBRARIES = YES;
				BUNDLE_LOADER = "$(TEST_HOST)";
				CODE_SIGN_STYLE = Automatic;
				DEVELOPMENT_TEAM = UA35L9FR9N;
				INFOPLIST_FILE = TryRxCoordinatorTests/Info.plist;
				LD_RUNPATH_SEARCH_PATHS = (
					"$(inherited)",
					"@executable_path/Frameworks",
					"@loader_path/Frameworks",
				);
				PRODUCT_BUNDLE_IDENTIFIER = io.hello.TryRxCoordinatorTests;
				PRODUCT_NAME = "$(TARGET_NAME)";
				SWIFT_VERSION = 4.0;
				TARGETED_DEVICE_FAMILY = "1,2";
				TEST_HOST = "$(BUILT_PRODUCTS_DIR)/TryRxCoordinator.app/TryRxCoordinator";
			};
			name = Release;
		};
/* End XCBuildConfiguration section */

/* Begin XCConfigurationList section */
		6337AE042100AD7B00A7C48F /* Build configuration list for PBXProject "TryRxCoordinator" */ = {
			isa = XCConfigurationList;
			buildConfigurations = (
				6337AE242100AD7C00A7C48F /* Debug */,
				6337AE252100AD7C00A7C48F /* Release */,
			);
			defaultConfigurationIsVisible = 0;
			defaultConfigurationName = Release;
		};
		6337AE262100AD7C00A7C48F /* Build configuration list for PBXNativeTarget "TryRxCoordinator" */ = {
			isa = XCConfigurationList;
			buildConfigurations = (
				6337AE272100AD7C00A7C48F /* Debug */,
				6337AE282100AD7C00A7C48F /* Release */,
			);
			defaultConfigurationIsVisible = 0;
			defaultConfigurationName = Release;
		};
		6337AE292100AD7C00A7C48F /* Build configuration list for PBXNativeTarget "TryRxCoordinatorTests" */ = {
			isa = XCConfigurationList;
			buildConfigurations = (
				6337AE2A2100AD7C00A7C48F /* Debug */,
				6337AE2B2100AD7C00A7C48F /* Release */,
			);
			defaultConfigurationIsVisible = 0;
			defaultConfigurationName = Release;
		};
/* End XCConfigurationList section */
	};
	rootObject = 6337AE012100AD7B00A7C48F /* Project object */;
}
